<?xml version="1.0" encoding="utf-8"?>
<Project ToolsVersion="4.0" xmlns="http://schemas.microsoft.com/developer/msbuild/2003">
  <ItemGroup>
    <Filter Include="Core">
      <UniqueIdentifier>{2EB4837C-1AEB-840D-C3D7-6A10AFED000F}</UniqueIdentifier>
    </Filter>
  </ItemGroup>
  <ItemGroup>
    <ClInclude Include="src\Core\R3000.h">
      <Filter>Core</Filter>
    </ClInclude>
    <ClInclude Include="src\Base\Bus.h" />
    <ClInclude Include="src\Base\Base.h" />
    <ClInclude Include="src\Core\Bios.h" />
    <ClInclude Include="src\Core\RAM.h" />
  </ItemGroup>
  <ItemGroup>
    <ClCompile Include="src\Core\R3000.cpp">
      <Filter>Core</Filter>
    </ClCompile>
    <ClCompile Include="src\main.cpp" />
    <ClCompile Include="src\Base\Bus.cpp" />
    <ClCompile Include="src\Core\Bios.cpp" />
    <ClCompile Include="src\Core\RAM.cpp" />
  </ItemGroup>
</Project>